
Microsoft Visual Studio Solution File, Format Version 12.00
# Visual Studio Version 16
VisualStudioVersion = 16.0.30709.132
MinimumVisualStudioVersion = 10.0.40219.1
Project("{FAE04EC0-301F-11D3-BF4B-00C04F79EFBC}") = "Event-App", "Event-App\Event-App.csproj", "{915A3BBD-E1AA-4377-8866-C432E9E102BF}"
EndProject
Global
	GlobalSection(SolutionConfigurationPlatforms) = preSolution
		Debug|Any CPU = Debug|Any CPU
		Release|Any CPU = Release|Any CPU
	EndGlobalSection
	GlobalSection(ProjectConfigurationPlatforms) = postSolution
		{915A3BBD-E1AA-4377-8866-C432E9E102BF}.Debug|Any CPU.ActiveCfg = Debug|Any CPU
		{915A3BBD-E1AA-4377-8866-C432E9E102BF}.Debug|Any CPU.Build.0 = Debug|Any CPU
		{915A3BBD-E1AA-4377-8866-C432E9E102BF}.Release|Any CPU.ActiveCfg = Release|Any CPU
		{915A3BBD-E1AA-4377-8866-C432E9E102BF}.Release|Any CPU.Build.0 = Release|Any CPU
	EndGlobalSection
	GlobalSection(SolutionProperties) = preSolution
		HideSolutionNode = FALSE
	EndGlobalSection
	GlobalSection(ExtensibilityGlobals) = postSolution
		SolutionGuid = {38A9F220-2EA5-40E1-9E13-48999B73E24C}
	EndGlobalSection
EndGlobal
